
Microsoft Visual Studio Solution File, Format Version 12.00
# Visual Studio 2013
VisualStudioVersion = 12.0.40629.0
MinimumVisualStudioVersion = 10.0.40219.1
Project("{2150E333-8FDC-42A3-9474-1A3956D46DE8}") = "apps", "apps", "{B7426544-ED36-4E47-B6CE-43E9FF869507}"
EndProject
Project("{2150E333-8FDC-42A3-9474-1A3956D46DE8}") = "libs", "libs", "{AD133506-A9BD-42EE-8EE5-A7347FEBA4D2}"
EndProject
Project("{2150E333-8FDC-42A3-9474-1A3956D46DE8}") = "tfsaccess", "tfsaccess", "{3897F3E9-6231-41CE-8E24-65700935D826}"
EndProject
Project("{2150E333-8FDC-42A3-9474-1A3956D46DE8}") = "tests", "tests", "{1AD8466B-90EE-4879-A490-5C4FA4828A87}"
EndProject
Project("{FAE04EC0-301F-11D3-BF4B-00C04F79EFBC}") = "fixtrax", "apps\fixtrax\fixtrax.csproj", "{F88393E4-B25C-4A31-BFB8-471D348DC38E}"
EndProject
Project("{FAE04EC0-301F-11D3-BF4B-00C04F79EFBC}") = "Push", "apps\pusher\Push.csproj", "{4EDB76BA-B230-42A9-B817-91AD5F21FA79}"
EndProject
Global
	GlobalSection(SolutionConfigurationPlatforms) = preSolution
		Debug|Any CPU = Debug|Any CPU
		Release|Any CPU = Release|Any CPU
	EndGlobalSection
	GlobalSection(ProjectConfigurationPlatforms) = postSolution
		{F88393E4-B25C-4A31-BFB8-471D348DC38E}.Debug|Any CPU.ActiveCfg = Debug|Any CPU
		{F88393E4-B25C-4A31-BFB8-471D348DC38E}.Debug|Any CPU.Build.0 = Debug|Any CPU
		{F88393E4-B25C-4A31-BFB8-471D348DC38E}.Release|Any CPU.ActiveCfg = Release|Any CPU
		{F88393E4-B25C-4A31-BFB8-471D348DC38E}.Release|Any CPU.Build.0 = Release|Any CPU
		{4EDB76BA-B230-42A9-B817-91AD5F21FA79}.Debug|Any CPU.ActiveCfg = Debug|Any CPU
		{4EDB76BA-B230-42A9-B817-91AD5F21FA79}.Debug|Any CPU.Build.0 = Debug|Any CPU
		{4EDB76BA-B230-42A9-B817-91AD5F21FA79}.Release|Any CPU.ActiveCfg = Release|Any CPU
		{4EDB76BA-B230-42A9-B817-91AD5F21FA79}.Release|Any CPU.Build.0 = Release|Any CPU
	EndGlobalSection
	GlobalSection(SolutionProperties) = preSolution
		HideSolutionNode = FALSE
	EndGlobalSection
	GlobalSection(NestedProjects) = preSolution
		{3897F3E9-6231-41CE-8E24-65700935D826} = {AD133506-A9BD-42EE-8EE5-A7347FEBA4D2}
		{F88393E4-B25C-4A31-BFB8-471D348DC38E} = {B7426544-ED36-4E47-B6CE-43E9FF869507}
		{4EDB76BA-B230-42A9-B817-91AD5F21FA79} = {B7426544-ED36-4E47-B6CE-43E9FF869507}
	EndGlobalSection
EndGlobal
