
Microsoft Visual Studio Solution File, Format Version 12.00
# Visual Studio 2013
VisualStudioVersion = 12.0.31101.0
MinimumVisualStudioVersion = 10.0.40219.1
Project("{2150E333-8FDC-42A3-9474-1A3956D46DE8}") = "apps", "apps", "{B7426544-ED36-4E47-B6CE-43E9FF869507}"
EndProject
Project("{2150E333-8FDC-42A3-9474-1A3956D46DE8}") = "libs", "libs", "{AD133506-A9BD-42EE-8EE5-A7347FEBA4D2}"
EndProject
Project("{2150E333-8FDC-42A3-9474-1A3956D46DE8}") = "tests", "tests", "{1AD8466B-90EE-4879-A490-5C4FA4828A87}"
EndProject
Project("{FAE04EC0-301F-11D3-BF4B-00C04F79EFBC}") = "fixtrax", "apps\fixtrax\fixtrax.csproj", "{F88393E4-B25C-4A31-BFB8-471D348DC38E}"
EndProject
Project("{FAE04EC0-301F-11D3-BF4B-00C04F79EFBC}") = "push", "apps\pusher\push.csproj", "{4EDB76BA-B230-42A9-B817-91AD5F21FA79}"
EndProject
Project("{FAE04EC0-301F-11D3-BF4B-00C04F79EFBC}") = "juba.tfs.wrappers", "libs\tfsaccess\juba.tfs.wrappers.csproj", "{7F76A28E-BA50-42B1-BBA4-88A83D2732E0}"
EndProject
Project("{FAE04EC0-301F-11D3-BF4B-00C04F79EFBC}") = "fixtrax_utest", "tests\fixtrax_utest\fixtrax_utest.csproj", "{ACC0C293-0F42-4B58-A801-21746B378003}"
EndProject
Project("{FAE04EC0-301F-11D3-BF4B-00C04F79EFBC}") = "juba.consoleapp", "libs\consoleapp\juba.consoleapp.csproj", "{57B98BD1-463F-46B7-8EC2-33A6169A41F8}"
EndProject
Project("{FAE04EC0-301F-11D3-BF4B-00C04F79EFBC}") = "CmdLine_uTest", "tests\CmdLine_uTest\CmdLine_uTest.csproj", "{ABD05C3D-6E81-4724-92F3-61BACA03E216}"
EndProject
Project("{FAE04EC0-301F-11D3-BF4B-00C04F79EFBC}") = "sybi", "libs\sybi\sybi.csproj", "{4E8335D6-7C57-4D4D-8814-2211D01AD52E}"
EndProject
Project("{FAE04EC0-301F-11D3-BF4B-00C04F79EFBC}") = "sybi_utest", "tests\sybi_utest\sybi_utest.csproj", "{1F18A634-E2D7-49DA-88AA-A5BABB115ED4}"
EndProject
Project("{FAE04EC0-301F-11D3-BF4B-00C04F79EFBC}") = "juba.tfs.interfaces", "libs\juba.tfs.interfaces\juba.tfs.interfaces.csproj", "{D5F63CE0-82C6-4AB4-82FF-E6FD507C3ECC}"
EndProject
Project("{FAE04EC0-301F-11D3-BF4B-00C04F79EFBC}") = "testrunanalyzer", "apps\testrunanalyzer\testrunanalyzer.csproj", "{DBCDE402-D958-4823-AC57-C057DCBFBE0C}"
EndProject
Global
	GlobalSection(SolutionConfigurationPlatforms) = preSolution
		Debug|Any CPU = Debug|Any CPU
		Release|Any CPU = Release|Any CPU
	EndGlobalSection
	GlobalSection(ProjectConfigurationPlatforms) = postSolution
		{F88393E4-B25C-4A31-BFB8-471D348DC38E}.Debug|Any CPU.ActiveCfg = Debug|Any CPU
		{F88393E4-B25C-4A31-BFB8-471D348DC38E}.Debug|Any CPU.Build.0 = Debug|Any CPU
		{F88393E4-B25C-4A31-BFB8-471D348DC38E}.Release|Any CPU.ActiveCfg = Release|Any CPU
		{F88393E4-B25C-4A31-BFB8-471D348DC38E}.Release|Any CPU.Build.0 = Release|Any CPU
		{4EDB76BA-B230-42A9-B817-91AD5F21FA79}.Debug|Any CPU.ActiveCfg = Debug|Any CPU
		{4EDB76BA-B230-42A9-B817-91AD5F21FA79}.Release|Any CPU.ActiveCfg = Release|Any CPU
		{4EDB76BA-B230-42A9-B817-91AD5F21FA79}.Release|Any CPU.Build.0 = Release|Any CPU
		{7F76A28E-BA50-42B1-BBA4-88A83D2732E0}.Debug|Any CPU.ActiveCfg = Debug|Any CPU
		{7F76A28E-BA50-42B1-BBA4-88A83D2732E0}.Debug|Any CPU.Build.0 = Debug|Any CPU
		{7F76A28E-BA50-42B1-BBA4-88A83D2732E0}.Release|Any CPU.ActiveCfg = Release|Any CPU
		{7F76A28E-BA50-42B1-BBA4-88A83D2732E0}.Release|Any CPU.Build.0 = Release|Any CPU
		{ACC0C293-0F42-4B58-A801-21746B378003}.Debug|Any CPU.ActiveCfg = Debug|Any CPU
		{ACC0C293-0F42-4B58-A801-21746B378003}.Debug|Any CPU.Build.0 = Debug|Any CPU
		{ACC0C293-0F42-4B58-A801-21746B378003}.Release|Any CPU.ActiveCfg = Release|Any CPU
		{ACC0C293-0F42-4B58-A801-21746B378003}.Release|Any CPU.Build.0 = Release|Any CPU
		{57B98BD1-463F-46B7-8EC2-33A6169A41F8}.Debug|Any CPU.ActiveCfg = Debug|Any CPU
		{57B98BD1-463F-46B7-8EC2-33A6169A41F8}.Debug|Any CPU.Build.0 = Debug|Any CPU
		{57B98BD1-463F-46B7-8EC2-33A6169A41F8}.Release|Any CPU.ActiveCfg = Release|Any CPU
		{57B98BD1-463F-46B7-8EC2-33A6169A41F8}.Release|Any CPU.Build.0 = Release|Any CPU
		{ABD05C3D-6E81-4724-92F3-61BACA03E216}.Debug|Any CPU.ActiveCfg = Debug|Any CPU
		{ABD05C3D-6E81-4724-92F3-61BACA03E216}.Debug|Any CPU.Build.0 = Debug|Any CPU
		{ABD05C3D-6E81-4724-92F3-61BACA03E216}.Release|Any CPU.ActiveCfg = Release|Any CPU
		{ABD05C3D-6E81-4724-92F3-61BACA03E216}.Release|Any CPU.Build.0 = Release|Any CPU
		{4E8335D6-7C57-4D4D-8814-2211D01AD52E}.Debug|Any CPU.ActiveCfg = Debug|Any CPU
		{4E8335D6-7C57-4D4D-8814-2211D01AD52E}.Debug|Any CPU.Build.0 = Debug|Any CPU
		{4E8335D6-7C57-4D4D-8814-2211D01AD52E}.Release|Any CPU.ActiveCfg = Release|Any CPU
		{4E8335D6-7C57-4D4D-8814-2211D01AD52E}.Release|Any CPU.Build.0 = Release|Any CPU
		{1F18A634-E2D7-49DA-88AA-A5BABB115ED4}.Debug|Any CPU.ActiveCfg = Debug|Any CPU
		{1F18A634-E2D7-49DA-88AA-A5BABB115ED4}.Debug|Any CPU.Build.0 = Debug|Any CPU
		{1F18A634-E2D7-49DA-88AA-A5BABB115ED4}.Release|Any CPU.ActiveCfg = Release|Any CPU
		{1F18A634-E2D7-49DA-88AA-A5BABB115ED4}.Release|Any CPU.Build.0 = Release|Any CPU
		{D5F63CE0-82C6-4AB4-82FF-E6FD507C3ECC}.Debug|Any CPU.ActiveCfg = Debug|Any CPU
		{D5F63CE0-82C6-4AB4-82FF-E6FD507C3ECC}.Debug|Any CPU.Build.0 = Debug|Any CPU
		{D5F63CE0-82C6-4AB4-82FF-E6FD507C3ECC}.Release|Any CPU.ActiveCfg = Release|Any CPU
		{D5F63CE0-82C6-4AB4-82FF-E6FD507C3ECC}.Release|Any CPU.Build.0 = Release|Any CPU
		{DBCDE402-D958-4823-AC57-C057DCBFBE0C}.Debug|Any CPU.ActiveCfg = Debug|Any CPU
		{DBCDE402-D958-4823-AC57-C057DCBFBE0C}.Debug|Any CPU.Build.0 = Debug|Any CPU
		{DBCDE402-D958-4823-AC57-C057DCBFBE0C}.Release|Any CPU.ActiveCfg = Release|Any CPU
		{DBCDE402-D958-4823-AC57-C057DCBFBE0C}.Release|Any CPU.Build.0 = Release|Any CPU
	EndGlobalSection
	GlobalSection(SolutionProperties) = preSolution
		HideSolutionNode = FALSE
	EndGlobalSection
	GlobalSection(NestedProjects) = preSolution
		{F88393E4-B25C-4A31-BFB8-471D348DC38E} = {B7426544-ED36-4E47-B6CE-43E9FF869507}
		{4EDB76BA-B230-42A9-B817-91AD5F21FA79} = {B7426544-ED36-4E47-B6CE-43E9FF869507}
		{7F76A28E-BA50-42B1-BBA4-88A83D2732E0} = {AD133506-A9BD-42EE-8EE5-A7347FEBA4D2}
		{ACC0C293-0F42-4B58-A801-21746B378003} = {1AD8466B-90EE-4879-A490-5C4FA4828A87}
		{57B98BD1-463F-46B7-8EC2-33A6169A41F8} = {AD133506-A9BD-42EE-8EE5-A7347FEBA4D2}
		{ABD05C3D-6E81-4724-92F3-61BACA03E216} = {1AD8466B-90EE-4879-A490-5C4FA4828A87}
		{4E8335D6-7C57-4D4D-8814-2211D01AD52E} = {AD133506-A9BD-42EE-8EE5-A7347FEBA4D2}
		{1F18A634-E2D7-49DA-88AA-A5BABB115ED4} = {1AD8466B-90EE-4879-A490-5C4FA4828A87}
		{D5F63CE0-82C6-4AB4-82FF-E6FD507C3ECC} = {AD133506-A9BD-42EE-8EE5-A7347FEBA4D2}
		{DBCDE402-D958-4823-AC57-C057DCBFBE0C} = {B7426544-ED36-4E47-B6CE-43E9FF869507}
	EndGlobalSection
EndGlobal
